
Microsoft Visual Studio Solution File, Format Version 12.00
# Visual Studio Version 17
VisualStudioVersion = 17.7.34031.279
MinimumVisualStudioVersion = 10.0.40219.1
Project("{9A19103F-16F7-4668-BE54-9A1E7A4F7556}") = "BingoBlitz-CommunityHub", "CommunityHub-API\BingoBlitz-CommunityHub.csproj", "{5D7BF898-7A16-4B47-AA5C-A8DADFA0BFF8}"
EndProject
Global
	GlobalSection(SolutionConfigurationPlatforms) = preSolution
		Debug|Any CPU = Debug|Any CPU
		Release|Any CPU = Release|Any CPU
	EndGlobalSection
	GlobalSection(ProjectConfigurationPlatforms) = postSolution
		{5D7BF898-7A16-4B47-AA5C-A8DADFA0BFF8}.Debug|Any CPU.ActiveCfg = Debug|Any CPU
		{5D7BF898-7A16-4B47-AA5C-A8DADFA0BFF8}.Debug|Any CPU.Build.0 = Debug|Any CPU
		{5D7BF898-7A16-4B47-AA5C-A8DADFA0BFF8}.Release|Any CPU.ActiveCfg = Release|Any CPU
		{5D7BF898-7A16-4B47-AA5C-A8DADFA0BFF8}.Release|Any CPU.Build.0 = Release|Any CPU
	EndGlobalSection
	GlobalSection(SolutionProperties) = preSolution
		HideSolutionNode = FALSE
	EndGlobalSection
	GlobalSection(ExtensibilityGlobals) = postSolution
		SolutionGuid = {1A18813D-578D-4679-8922-B5D93B0563B3}
	EndGlobalSection
EndGlobal
